
Microsoft Visual Studio Solution File, Format Version 12.00
# Visual Studio 15
VisualStudioVersion = 15.0.26124.0
MinimumVisualStudioVersion = 15.0.26124.0
Project("{FAE04EC0-301F-11D3-BF4B-00C04F79EFBC}") = "myproject.data", "myproject.data\myproject.data.csproj", "{79288683-6365-481A-8B6C-CAA63B62C22B}"
EndProject
Project("{FAE04EC0-301F-11D3-BF4B-00C04F79EFBC}") = "myproject.exceptions", "myproject.exceptions\myproject.exceptions.csproj", "{623AE611-21A8-4D8A-A9D7-0F1DC5BA5FFF}"
EndProject
Project("{FAE04EC0-301F-11D3-BF4B-00C04F79EFBC}") = "myproject.contract", "myproject.contract\myproject.contract.csproj", "{70852E8E-493D-40F8-AA63-B9904D040B0B}"
EndProject
Global
	GlobalSection(SolutionConfigurationPlatforms) = preSolution
		Debug|Any CPU = Debug|Any CPU
		Debug|x64 = Debug|x64
		Debug|x86 = Debug|x86
		Release|Any CPU = Release|Any CPU
		Release|x64 = Release|x64
		Release|x86 = Release|x86
	EndGlobalSection
	GlobalSection(SolutionProperties) = preSolution
		HideSolutionNode = FALSE
	EndGlobalSection
	GlobalSection(ProjectConfigurationPlatforms) = postSolution
		{79288683-6365-481A-8B6C-CAA63B62C22B}.Debug|Any CPU.ActiveCfg = Debug|Any CPU
		{79288683-6365-481A-8B6C-CAA63B62C22B}.Debug|Any CPU.Build.0 = Debug|Any CPU
		{79288683-6365-481A-8B6C-CAA63B62C22B}.Debug|x64.ActiveCfg = Debug|Any CPU
		{79288683-6365-481A-8B6C-CAA63B62C22B}.Debug|x64.Build.0 = Debug|Any CPU
		{79288683-6365-481A-8B6C-CAA63B62C22B}.Debug|x86.ActiveCfg = Debug|Any CPU
		{79288683-6365-481A-8B6C-CAA63B62C22B}.Debug|x86.Build.0 = Debug|Any CPU
		{79288683-6365-481A-8B6C-CAA63B62C22B}.Release|Any CPU.ActiveCfg = Release|Any CPU
		{79288683-6365-481A-8B6C-CAA63B62C22B}.Release|Any CPU.Build.0 = Release|Any CPU
		{79288683-6365-481A-8B6C-CAA63B62C22B}.Release|x64.ActiveCfg = Release|Any CPU
		{79288683-6365-481A-8B6C-CAA63B62C22B}.Release|x64.Build.0 = Release|Any CPU
		{79288683-6365-481A-8B6C-CAA63B62C22B}.Release|x86.ActiveCfg = Release|Any CPU
		{79288683-6365-481A-8B6C-CAA63B62C22B}.Release|x86.Build.0 = Release|Any CPU
		{623AE611-21A8-4D8A-A9D7-0F1DC5BA5FFF}.Debug|Any CPU.ActiveCfg = Debug|Any CPU
		{623AE611-21A8-4D8A-A9D7-0F1DC5BA5FFF}.Debug|Any CPU.Build.0 = Debug|Any CPU
		{623AE611-21A8-4D8A-A9D7-0F1DC5BA5FFF}.Debug|x64.ActiveCfg = Debug|Any CPU
		{623AE611-21A8-4D8A-A9D7-0F1DC5BA5FFF}.Debug|x64.Build.0 = Debug|Any CPU
		{623AE611-21A8-4D8A-A9D7-0F1DC5BA5FFF}.Debug|x86.ActiveCfg = Debug|Any CPU
		{623AE611-21A8-4D8A-A9D7-0F1DC5BA5FFF}.Debug|x86.Build.0 = Debug|Any CPU
		{623AE611-21A8-4D8A-A9D7-0F1DC5BA5FFF}.Release|Any CPU.ActiveCfg = Release|Any CPU
		{623AE611-21A8-4D8A-A9D7-0F1DC5BA5FFF}.Release|Any CPU.Build.0 = Release|Any CPU
		{623AE611-21A8-4D8A-A9D7-0F1DC5BA5FFF}.Release|x64.ActiveCfg = Release|Any CPU
		{623AE611-21A8-4D8A-A9D7-0F1DC5BA5FFF}.Release|x64.Build.0 = Release|Any CPU
		{623AE611-21A8-4D8A-A9D7-0F1DC5BA5FFF}.Release|x86.ActiveCfg = Release|Any CPU
		{623AE611-21A8-4D8A-A9D7-0F1DC5BA5FFF}.Release|x86.Build.0 = Release|Any CPU
		{70852E8E-493D-40F8-AA63-B9904D040B0B}.Debug|Any CPU.ActiveCfg = Debug|Any CPU
		{70852E8E-493D-40F8-AA63-B9904D040B0B}.Debug|Any CPU.Build.0 = Debug|Any CPU
		{70852E8E-493D-40F8-AA63-B9904D040B0B}.Debug|x64.ActiveCfg = Debug|Any CPU
		{70852E8E-493D-40F8-AA63-B9904D040B0B}.Debug|x64.Build.0 = Debug|Any CPU
		{70852E8E-493D-40F8-AA63-B9904D040B0B}.Debug|x86.ActiveCfg = Debug|Any CPU
		{70852E8E-493D-40F8-AA63-B9904D040B0B}.Debug|x86.Build.0 = Debug|Any CPU
		{70852E8E-493D-40F8-AA63-B9904D040B0B}.Release|Any CPU.ActiveCfg = Release|Any CPU
		{70852E8E-493D-40F8-AA63-B9904D040B0B}.Release|Any CPU.Build.0 = Release|Any CPU
		{70852E8E-493D-40F8-AA63-B9904D040B0B}.Release|x64.ActiveCfg = Release|Any CPU
		{70852E8E-493D-40F8-AA63-B9904D040B0B}.Release|x64.Build.0 = Release|Any CPU
		{70852E8E-493D-40F8-AA63-B9904D040B0B}.Release|x86.ActiveCfg = Release|Any CPU
		{70852E8E-493D-40F8-AA63-B9904D040B0B}.Release|x86.Build.0 = Release|Any CPU
	EndGlobalSection
EndGlobal
